
Microsoft Visual Studio Solution File, Format Version 12.00
# Visual Studio 14
VisualStudioVersion = 14.0.25420.1
MinimumVisualStudioVersion = 10.0.40219.1
Project("{FAE04EC0-301F-11D3-BF4B-00C04F79EFBC}") = "Shopping.DemoApp.Droid", "Shopping.DemoApp.Droid\Shopping.DemoApp.Droid.csproj", "{9FC094E5-79A6-41A8-9CA0-ED80C0F449E5}"
EndProject
Project("{FAE04EC0-301F-11D3-BF4B-00C04F79EFBC}") = "Shopping.DemoApp.iOS", "Shopping.DemoApp.iOS\Shopping.DemoApp.iOS.csproj", "{0ADA25B0-2CDF-4167-A39B-86F8CF81F964}"
EndProject
Project("{D954291E-2A0B-460D-934E-DC6B0785DB48}") = "Shopping.DemoApp", "Shopping.DemoApp\Shopping.DemoApp.shproj", "{88CF9DC0-53FD-4D2B-8FC5-98B48C1E53DB}"
EndProject
Project("{FAE04EC0-301F-11D3-BF4B-00C04F79EFBC}") = "Shopping.DemoApp.UWP", "Shopping.DemoApp.UWP\Shopping.DemoApp.UWP.csproj", "{409376B5-C461-49D6-8719-27D8C48D5E7B}"
EndProject
Global
	GlobalSection(SharedMSBuildProjectFiles) = preSolution
		Shopping.DemoApp\Shopping.DemoApp.projitems*{0ada25b0-2cdf-4167-a39b-86f8cf81f964}*SharedItemsImports = 4
		Shopping.DemoApp\Shopping.DemoApp.projitems*{409376b5-c461-49d6-8719-27d8c48d5e7b}*SharedItemsImports = 4
		Shopping.DemoApp\Shopping.DemoApp.projitems*{88cf9dc0-53fd-4d2b-8fc5-98b48c1e53db}*SharedItemsImports = 13
		Shopping.DemoApp\Shopping.DemoApp.projitems*{9fc094e5-79a6-41a8-9ca0-ed80c0f449e5}*SharedItemsImports = 4
	EndGlobalSection
	GlobalSection(SolutionConfigurationPlatforms) = preSolution
		Ad-Hoc|Any CPU = Ad-Hoc|Any CPU
		Ad-Hoc|ARM = Ad-Hoc|ARM
		Ad-Hoc|iPhone = Ad-Hoc|iPhone
		Ad-Hoc|iPhoneSimulator = Ad-Hoc|iPhoneSimulator
		Ad-Hoc|x64 = Ad-Hoc|x64
		Ad-Hoc|x86 = Ad-Hoc|x86
		AppStore|Any CPU = AppStore|Any CPU
		AppStore|ARM = AppStore|ARM
		AppStore|iPhone = AppStore|iPhone
		AppStore|iPhoneSimulator = AppStore|iPhoneSimulator
		AppStore|x64 = AppStore|x64
		AppStore|x86 = AppStore|x86
		Debug|Any CPU = Debug|Any CPU
		Debug|ARM = Debug|ARM
		Debug|iPhone = Debug|iPhone
		Debug|iPhoneSimulator = Debug|iPhoneSimulator
		Debug|x64 = Debug|x64
		Debug|x86 = Debug|x86
		Release|Any CPU = Release|Any CPU
		Release|ARM = Release|ARM
		Release|iPhone = Release|iPhone
		Release|iPhoneSimulator = Release|iPhoneSimulator
		Release|x64 = Release|x64
		Release|x86 = Release|x86
	EndGlobalSection
	GlobalSection(ProjectConfigurationPlatforms) = postSolution
		{9FC094E5-79A6-41A8-9CA0-ED80C0F449E5}.Ad-Hoc|Any CPU.ActiveCfg = Release|Any CPU
		{9FC094E5-79A6-41A8-9CA0-ED80C0F449E5}.Ad-Hoc|Any CPU.Build.0 = Release|Any CPU
		{9FC094E5-79A6-41A8-9CA0-ED80C0F449E5}.Ad-Hoc|Any CPU.Deploy.0 = Release|Any CPU
		{9FC094E5-79A6-41A8-9CA0-ED80C0F449E5}.Ad-Hoc|ARM.ActiveCfg = Release|Any CPU
		{9FC094E5-79A6-41A8-9CA0-ED80C0F449E5}.Ad-Hoc|ARM.Build.0 = Release|Any CPU
		{9FC094E5-79A6-41A8-9CA0-ED80C0F449E5}.Ad-Hoc|ARM.Deploy.0 = Release|Any CPU
		{9FC094E5-79A6-41A8-9CA0-ED80C0F449E5}.Ad-Hoc|iPhone.ActiveCfg = Release|Any CPU
		{9FC094E5-79A6-41A8-9CA0-ED80C0F449E5}.Ad-Hoc|iPhone.Build.0 = Release|Any CPU
		{9FC094E5-79A6-41A8-9CA0-ED80C0F449E5}.Ad-Hoc|iPhone.Deploy.0 = Release|Any CPU
		{9FC094E5-79A6-41A8-9CA0-ED80C0F449E5}.Ad-Hoc|iPhoneSimulator.ActiveCfg = Release|Any CPU
		{9FC094E5-79A6-41A8-9CA0-ED80C0F449E5}.Ad-Hoc|iPhoneSimulator.Build.0 = Release|Any CPU
		{9FC094E5-79A6-41A8-9CA0-ED80C0F449E5}.Ad-Hoc|iPhoneSimulator.Deploy.0 = Release|Any CPU
		{9FC094E5-79A6-41A8-9CA0-ED80C0F449E5}.Ad-Hoc|x64.ActiveCfg = Release|Any CPU
		{9FC094E5-79A6-41A8-9CA0-ED80C0F449E5}.Ad-Hoc|x64.Build.0 = Release|Any CPU
		{9FC094E5-79A6-41A8-9CA0-ED80C0F449E5}.Ad-Hoc|x64.Deploy.0 = Release|Any CPU
		{9FC094E5-79A6-41A8-9CA0-ED80C0F449E5}.Ad-Hoc|x86.ActiveCfg = Release|Any CPU
		{9FC094E5-79A6-41A8-9CA0-ED80C0F449E5}.Ad-Hoc|x86.Build.0 = Release|Any CPU
		{9FC094E5-79A6-41A8-9CA0-ED80C0F449E5}.Ad-Hoc|x86.Deploy.0 = Release|Any CPU
		{9FC094E5-79A6-41A8-9CA0-ED80C0F449E5}.AppStore|Any CPU.ActiveCfg = Release|Any CPU
		{9FC094E5-79A6-41A8-9CA0-ED80C0F449E5}.AppStore|Any CPU.Build.0 = Release|Any CPU
		{9FC094E5-79A6-41A8-9CA0-ED80C0F449E5}.AppStore|Any CPU.Deploy.0 = Release|Any CPU
		{9FC094E5-79A6-41A8-9CA0-ED80C0F449E5}.AppStore|ARM.ActiveCfg = Release|Any CPU
		{9FC094E5-79A6-41A8-9CA0-ED80C0F449E5}.AppStore|ARM.Build.0 = Release|Any CPU
		{9FC094E5-79A6-41A8-9CA0-ED80C0F449E5}.AppStore|ARM.Deploy.0 = Release|Any CPU
		{9FC094E5-79A6-41A8-9CA0-ED80C0F449E5}.AppStore|iPhone.ActiveCfg = Release|Any CPU
		{9FC094E5-79A6-41A8-9CA0-ED80C0F449E5}.AppStore|iPhone.Build.0 = Release|Any CPU
		{9FC094E5-79A6-41A8-9CA0-ED80C0F449E5}.AppStore|iPhone.Deploy.0 = Release|Any CPU
		{9FC094E5-79A6-41A8-9CA0-ED80C0F449E5}.AppStore|iPhoneSimulator.ActiveCfg = Release|Any CPU
		{9FC094E5-79A6-41A8-9CA0-ED80C0F449E5}.AppStore|iPhoneSimulator.Build.0 = Release|Any CPU
		{9FC094E5-79A6-41A8-9CA0-ED80C0F449E5}.AppStore|iPhoneSimulator.Deploy.0 = Release|Any CPU
		{9FC094E5-79A6-41A8-9CA0-ED80C0F449E5}.AppStore|x64.ActiveCfg = Release|Any CPU
		{9FC094E5-79A6-41A8-9CA0-ED80C0F449E5}.AppStore|x64.Build.0 = Release|Any CPU
		{9FC094E5-79A6-41A8-9CA0-ED80C0F449E5}.AppStore|x64.Deploy.0 = Release|Any CPU
		{9FC094E5-79A6-41A8-9CA0-ED80C0F449E5}.AppStore|x86.ActiveCfg = Release|Any CPU
		{9FC094E5-79A6-41A8-9CA0-ED80C0F449E5}.AppStore|x86.Build.0 = Release|Any CPU
		{9FC094E5-79A6-41A8-9CA0-ED80C0F449E5}.AppStore|x86.Deploy.0 = Release|Any CPU
		{9FC094E5-79A6-41A8-9CA0-ED80C0F449E5}.Debug|Any CPU.ActiveCfg = Debug|Any CPU
		{9FC094E5-79A6-41A8-9CA0-ED80C0F449E5}.Debug|Any CPU.Build.0 = Debug|Any CPU
		{9FC094E5-79A6-41A8-9CA0-ED80C0F449E5}.Debug|Any CPU.Deploy.0 = Debug|Any CPU
		{9FC094E5-79A6-41A8-9CA0-ED80C0F449E5}.Debug|ARM.ActiveCfg = Debug|Any CPU
		{9FC094E5-79A6-41A8-9CA0-ED80C0F449E5}.Debug|iPhone.ActiveCfg = Debug|Any CPU
		{9FC094E5-79A6-41A8-9CA0-ED80C0F449E5}.Debug|iPhone.Build.0 = Debug|Any CPU
		{9FC094E5-79A6-41A8-9CA0-ED80C0F449E5}.Debug|iPhone.Deploy.0 = Debug|Any CPU
		{9FC094E5-79A6-41A8-9CA0-ED80C0F449E5}.Debug|iPhoneSimulator.ActiveCfg = Debug|Any CPU
		{9FC094E5-79A6-41A8-9CA0-ED80C0F449E5}.Debug|iPhoneSimulator.Build.0 = Debug|Any CPU
		{9FC094E5-79A6-41A8-9CA0-ED80C0F449E5}.Debug|iPhoneSimulator.Deploy.0 = Debug|Any CPU
		{9FC094E5-79A6-41A8-9CA0-ED80C0F449E5}.Debug|x64.ActiveCfg = Debug|Any CPU
		{9FC094E5-79A6-41A8-9CA0-ED80C0F449E5}.Debug|x64.Build.0 = Debug|Any CPU
		{9FC094E5-79A6-41A8-9CA0-ED80C0F449E5}.Debug|x64.Deploy.0 = Debug|Any CPU
		{9FC094E5-79A6-41A8-9CA0-ED80C0F449E5}.Debug|x86.ActiveCfg = Debug|Any CPU
		{9FC094E5-79A6-41A8-9CA0-ED80C0F449E5}.Debug|x86.Build.0 = Debug|Any CPU
		{9FC094E5-79A6-41A8-9CA0-ED80C0F449E5}.Debug|x86.Deploy.0 = Debug|Any CPU
		{9FC094E5-79A6-41A8-9CA0-ED80C0F449E5}.Release|Any CPU.ActiveCfg = Release|Any CPU
		{9FC094E5-79A6-41A8-9CA0-ED80C0F449E5}.Release|Any CPU.Build.0 = Release|Any CPU
		{9FC094E5-79A6-41A8-9CA0-ED80C0F449E5}.Release|Any CPU.Deploy.0 = Release|Any CPU
		{9FC094E5-79A6-41A8-9CA0-ED80C0F449E5}.Release|ARM.ActiveCfg = Release|Any CPU
		{9FC094E5-79A6-41A8-9CA0-ED80C0F449E5}.Release|ARM.Build.0 = Release|Any CPU
		{9FC094E5-79A6-41A8-9CA0-ED80C0F449E5}.Release|ARM.Deploy.0 = Release|Any CPU
		{9FC094E5-79A6-41A8-9CA0-ED80C0F449E5}.Release|iPhone.ActiveCfg = Release|Any CPU
		{9FC094E5-79A6-41A8-9CA0-ED80C0F449E5}.Release|iPhone.Build.0 = Release|Any CPU
		{9FC094E5-79A6-41A8-9CA0-ED80C0F449E5}.Release|iPhone.Deploy.0 = Release|Any CPU
		{9FC094E5-79A6-41A8-9CA0-ED80C0F449E5}.Release|iPhoneSimulator.ActiveCfg = Release|Any CPU
		{9FC094E5-79A6-41A8-9CA0-ED80C0F449E5}.Release|iPhoneSimulator.Build.0 = Release|Any CPU
		{9FC094E5-79A6-41A8-9CA0-ED80C0F449E5}.Release|iPhoneSimulator.Deploy.0 = Release|Any CPU
		{9FC094E5-79A6-41A8-9CA0-ED80C0F449E5}.Release|x64.ActiveCfg = Release|Any CPU
		{9FC094E5-79A6-41A8-9CA0-ED80C0F449E5}.Release|x64.Build.0 = Release|Any CPU
		{9FC094E5-79A6-41A8-9CA0-ED80C0F449E5}.Release|x64.Deploy.0 = Release|Any CPU
		{9FC094E5-79A6-41A8-9CA0-ED80C0F449E5}.Release|x86.ActiveCfg = Release|Any CPU
		{9FC094E5-79A6-41A8-9CA0-ED80C0F449E5}.Release|x86.Build.0 = Release|Any CPU
		{9FC094E5-79A6-41A8-9CA0-ED80C0F449E5}.Release|x86.Deploy.0 = Release|Any CPU
		{0ADA25B0-2CDF-4167-A39B-86F8CF81F964}.Ad-Hoc|Any CPU.ActiveCfg = Release|iPhoneSimulator
		{0ADA25B0-2CDF-4167-A39B-86F8CF81F964}.Ad-Hoc|Any CPU.Build.0 = Release|iPhoneSimulator
		{0ADA25B0-2CDF-4167-A39B-86F8CF81F964}.Ad-Hoc|ARM.ActiveCfg = Release|iPhoneSimulator
		{0ADA25B0-2CDF-4167-A39B-86F8CF81F964}.Ad-Hoc|ARM.Build.0 = Release|iPhoneSimulator
		{0ADA25B0-2CDF-4167-A39B-86F8CF81F964}.Ad-Hoc|iPhone.ActiveCfg = Release|iPhone
		{0ADA25B0-2CDF-4167-A39B-86F8CF81F964}.Ad-Hoc|iPhone.Build.0 = Release|iPhone
		{0ADA25B0-2CDF-4167-A39B-86F8CF81F964}.Ad-Hoc|iPhoneSimulator.ActiveCfg = Release|iPhoneSimulator
		{0ADA25B0-2CDF-4167-A39B-86F8CF81F964}.Ad-Hoc|iPhoneSimulator.Build.0 = Release|iPhoneSimulator
		{0ADA25B0-2CDF-4167-A39B-86F8CF81F964}.Ad-Hoc|x64.ActiveCfg = Release|iPhoneSimulator
		{0ADA25B0-2CDF-4167-A39B-86F8CF81F964}.Ad-Hoc|x64.Build.0 = Release|iPhoneSimulator
		{0ADA25B0-2CDF-4167-A39B-86F8CF81F964}.Ad-Hoc|x86.ActiveCfg = Release|iPhoneSimulator
		{0ADA25B0-2CDF-4167-A39B-86F8CF81F964}.Ad-Hoc|x86.Build.0 = Release|iPhoneSimulator
		{0ADA25B0-2CDF-4167-A39B-86F8CF81F964}.AppStore|Any CPU.ActiveCfg = Release|iPhoneSimulator
		{0ADA25B0-2CDF-4167-A39B-86F8CF81F964}.AppStore|Any CPU.Build.0 = Release|iPhoneSimulator
		{0ADA25B0-2CDF-4167-A39B-86F8CF81F964}.AppStore|ARM.ActiveCfg = Release|iPhoneSimulator
		{0ADA25B0-2CDF-4167-A39B-86F8CF81F964}.AppStore|ARM.Build.0 = Release|iPhoneSimulator
		{0ADA25B0-2CDF-4167-A39B-86F8CF81F964}.AppStore|iPhone.ActiveCfg = Release|iPhone
		{0ADA25B0-2CDF-4167-A39B-86F8CF81F964}.AppStore|iPhone.Build.0 = Release|iPhone
		{0ADA25B0-2CDF-4167-A39B-86F8CF81F964}.AppStore|iPhoneSimulator.ActiveCfg = Release|iPhoneSimulator
		{0ADA25B0-2CDF-4167-A39B-86F8CF81F964}.AppStore|iPhoneSimulator.Build.0 = Release|iPhoneSimulator
		{0ADA25B0-2CDF-4167-A39B-86F8CF81F964}.AppStore|x64.ActiveCfg = Release|iPhoneSimulator
		{0ADA25B0-2CDF-4167-A39B-86F8CF81F964}.AppStore|x64.Build.0 = Release|iPhoneSimulator
		{0ADA25B0-2CDF-4167-A39B-86F8CF81F964}.AppStore|x86.ActiveCfg = Release|iPhoneSimulator
		{0ADA25B0-2CDF-4167-A39B-86F8CF81F964}.AppStore|x86.Build.0 = Release|iPhoneSimulator
		{0ADA25B0-2CDF-4167-A39B-86F8CF81F964}.Debug|Any CPU.ActiveCfg = Debug|iPhone
		{0ADA25B0-2CDF-4167-A39B-86F8CF81F964}.Debug|ARM.ActiveCfg = Debug|iPhone
		{0ADA25B0-2CDF-4167-A39B-86F8CF81F964}.Debug|iPhone.ActiveCfg = Debug|iPhone
		{0ADA25B0-2CDF-4167-A39B-86F8CF81F964}.Debug|iPhone.Build.0 = Debug|iPhone
		{0ADA25B0-2CDF-4167-A39B-86F8CF81F964}.Debug|iPhoneSimulator.ActiveCfg = Debug|iPhoneSimulator
		{0ADA25B0-2CDF-4167-A39B-86F8CF81F964}.Debug|iPhoneSimulator.Build.0 = Debug|iPhoneSimulator
		{0ADA25B0-2CDF-4167-A39B-86F8CF81F964}.Debug|x64.ActiveCfg = Debug|iPhone
		{0ADA25B0-2CDF-4167-A39B-86F8CF81F964}.Debug|x86.ActiveCfg = Debug|iPhone
		{0ADA25B0-2CDF-4167-A39B-86F8CF81F964}.Release|Any CPU.ActiveCfg = Release|iPhone
		{0ADA25B0-2CDF-4167-A39B-86F8CF81F964}.Release|ARM.ActiveCfg = Release|iPhone
		{0ADA25B0-2CDF-4167-A39B-86F8CF81F964}.Release|iPhone.ActiveCfg = Release|iPhone
		{0ADA25B0-2CDF-4167-A39B-86F8CF81F964}.Release|iPhone.Build.0 = Release|iPhone
		{0ADA25B0-2CDF-4167-A39B-86F8CF81F964}.Release|iPhoneSimulator.ActiveCfg = Release|iPhoneSimulator
		{0ADA25B0-2CDF-4167-A39B-86F8CF81F964}.Release|iPhoneSimulator.Build.0 = Release|iPhoneSimulator
		{0ADA25B0-2CDF-4167-A39B-86F8CF81F964}.Release|x64.ActiveCfg = Release|iPhone
		{0ADA25B0-2CDF-4167-A39B-86F8CF81F964}.Release|x86.ActiveCfg = Release|iPhone
		{409376B5-C461-49D6-8719-27D8C48D5E7B}.Ad-Hoc|Any CPU.ActiveCfg = Release|x64
		{409376B5-C461-49D6-8719-27D8C48D5E7B}.Ad-Hoc|Any CPU.Build.0 = Release|x64
		{409376B5-C461-49D6-8719-27D8C48D5E7B}.Ad-Hoc|Any CPU.Deploy.0 = Release|x64
		{409376B5-C461-49D6-8719-27D8C48D5E7B}.Ad-Hoc|ARM.ActiveCfg = Release|ARM
		{409376B5-C461-49D6-8719-27D8C48D5E7B}.Ad-Hoc|ARM.Build.0 = Release|ARM
		{409376B5-C461-49D6-8719-27D8C48D5E7B}.Ad-Hoc|ARM.Deploy.0 = Release|ARM
		{409376B5-C461-49D6-8719-27D8C48D5E7B}.Ad-Hoc|iPhone.ActiveCfg = Release|x64
		{409376B5-C461-49D6-8719-27D8C48D5E7B}.Ad-Hoc|iPhone.Build.0 = Release|x64
		{409376B5-C461-49D6-8719-27D8C48D5E7B}.Ad-Hoc|iPhone.Deploy.0 = Release|x64
		{409376B5-C461-49D6-8719-27D8C48D5E7B}.Ad-Hoc|iPhoneSimulator.ActiveCfg = Release|x64
		{409376B5-C461-49D6-8719-27D8C48D5E7B}.Ad-Hoc|iPhoneSimulator.Build.0 = Release|x64
		{409376B5-C461-49D6-8719-27D8C48D5E7B}.Ad-Hoc|iPhoneSimulator.Deploy.0 = Release|x64
		{409376B5-C461-49D6-8719-27D8C48D5E7B}.Ad-Hoc|x64.ActiveCfg = Release|x64
		{409376B5-C461-49D6-8719-27D8C48D5E7B}.Ad-Hoc|x64.Build.0 = Release|x64
		{409376B5-C461-49D6-8719-27D8C48D5E7B}.Ad-Hoc|x64.Deploy.0 = Release|x64
		{409376B5-C461-49D6-8719-27D8C48D5E7B}.Ad-Hoc|x86.ActiveCfg = Release|x86
		{409376B5-C461-49D6-8719-27D8C48D5E7B}.Ad-Hoc|x86.Build.0 = Release|x86
		{409376B5-C461-49D6-8719-27D8C48D5E7B}.Ad-Hoc|x86.Deploy.0 = Release|x86
		{409376B5-C461-49D6-8719-27D8C48D5E7B}.AppStore|Any CPU.ActiveCfg = Release|x64
		{409376B5-C461-49D6-8719-27D8C48D5E7B}.AppStore|Any CPU.Build.0 = Release|x64
		{409376B5-C461-49D6-8719-27D8C48D5E7B}.AppStore|Any CPU.Deploy.0 = Release|x64
		{409376B5-C461-49D6-8719-27D8C48D5E7B}.AppStore|ARM.ActiveCfg = Release|ARM
		{409376B5-C461-49D6-8719-27D8C48D5E7B}.AppStore|ARM.Build.0 = Release|ARM
		{409376B5-C461-49D6-8719-27D8C48D5E7B}.AppStore|ARM.Deploy.0 = Release|ARM
		{409376B5-C461-49D6-8719-27D8C48D5E7B}.AppStore|iPhone.ActiveCfg = Release|x64
		{409376B5-C461-49D6-8719-27D8C48D5E7B}.AppStore|iPhone.Build.0 = Release|x64
		{409376B5-C461-49D6-8719-27D8C48D5E7B}.AppStore|iPhone.Deploy.0 = Release|x64
		{409376B5-C461-49D6-8719-27D8C48D5E7B}.AppStore|iPhoneSimulator.ActiveCfg = Release|x64
		{409376B5-C461-49D6-8719-27D8C48D5E7B}.AppStore|iPhoneSimulator.Build.0 = Release|x64
		{409376B5-C461-49D6-8719-27D8C48D5E7B}.AppStore|iPhoneSimulator.Deploy.0 = Release|x64
		{409376B5-C461-49D6-8719-27D8C48D5E7B}.AppStore|x64.ActiveCfg = Release|x64
		{409376B5-C461-49D6-8719-27D8C48D5E7B}.AppStore|x64.Build.0 = Release|x64
		{409376B5-C461-49D6-8719-27D8C48D5E7B}.AppStore|x64.Deploy.0 = Release|x64
		{409376B5-C461-49D6-8719-27D8C48D5E7B}.AppStore|x86.ActiveCfg = Release|x86
		{409376B5-C461-49D6-8719-27D8C48D5E7B}.AppStore|x86.Build.0 = Release|x86
		{409376B5-C461-49D6-8719-27D8C48D5E7B}.AppStore|x86.Deploy.0 = Release|x86
		{409376B5-C461-49D6-8719-27D8C48D5E7B}.Debug|Any CPU.ActiveCfg = Debug|x86
		{409376B5-C461-49D6-8719-27D8C48D5E7B}.Debug|Any CPU.Build.0 = Debug|x86
		{409376B5-C461-49D6-8719-27D8C48D5E7B}.Debug|Any CPU.Deploy.0 = Debug|x86
		{409376B5-C461-49D6-8719-27D8C48D5E7B}.Debug|ARM.ActiveCfg = Debug|ARM
		{409376B5-C461-49D6-8719-27D8C48D5E7B}.Debug|ARM.Build.0 = Debug|ARM
		{409376B5-C461-49D6-8719-27D8C48D5E7B}.Debug|ARM.Deploy.0 = Debug|ARM
		{409376B5-C461-49D6-8719-27D8C48D5E7B}.Debug|iPhone.ActiveCfg = Debug|x86
		{409376B5-C461-49D6-8719-27D8C48D5E7B}.Debug|iPhoneSimulator.ActiveCfg = Debug|x86
		{409376B5-C461-49D6-8719-27D8C48D5E7B}.Debug|x64.ActiveCfg = Debug|x64
		{409376B5-C461-49D6-8719-27D8C48D5E7B}.Debug|x64.Build.0 = Debug|x64
		{409376B5-C461-49D6-8719-27D8C48D5E7B}.Debug|x64.Deploy.0 = Debug|x64
		{409376B5-C461-49D6-8719-27D8C48D5E7B}.Debug|x86.ActiveCfg = Debug|x86
		{409376B5-C461-49D6-8719-27D8C48D5E7B}.Release|Any CPU.ActiveCfg = Release|x86
		{409376B5-C461-49D6-8719-27D8C48D5E7B}.Release|ARM.ActiveCfg = Release|ARM
		{409376B5-C461-49D6-8719-27D8C48D5E7B}.Release|ARM.Build.0 = Release|ARM
		{409376B5-C461-49D6-8719-27D8C48D5E7B}.Release|ARM.Deploy.0 = Release|ARM
		{409376B5-C461-49D6-8719-27D8C48D5E7B}.Release|iPhone.ActiveCfg = Release|x86
		{409376B5-C461-49D6-8719-27D8C48D5E7B}.Release|iPhoneSimulator.ActiveCfg = Release|x86
		{409376B5-C461-49D6-8719-27D8C48D5E7B}.Release|x64.ActiveCfg = Release|x64
		{409376B5-C461-49D6-8719-27D8C48D5E7B}.Release|x64.Build.0 = Release|x64
		{409376B5-C461-49D6-8719-27D8C48D5E7B}.Release|x64.Deploy.0 = Release|x64
		{409376B5-C461-49D6-8719-27D8C48D5E7B}.Release|x86.ActiveCfg = Release|x86
		{409376B5-C461-49D6-8719-27D8C48D5E7B}.Release|x86.Build.0 = Release|x86
		{409376B5-C461-49D6-8719-27D8C48D5E7B}.Release|x86.Deploy.0 = Release|x86
	EndGlobalSection
	GlobalSection(SolutionProperties) = preSolution
		HideSolutionNode = FALSE
	EndGlobalSection
EndGlobal
